<?xml version="1.0" encoding="utf-8"?>
<Project ToolsVersion="4.0" xmlns="http://schemas.microsoft.com/developer/msbuild/2003">
  <ItemGroup>
    <Filter Include="Source Files">
      <UniqueIdentifier>{4FC737F1-C7A5-4376-A066-2A32D752A2FF}</UniqueIdentifier>
      <Extensions>cpp;c;cxx;def;odl;idl;hpj;bat;asm;asmx</Extensions>
    </Filter>
    <Filter Include="Header Files">
      <UniqueIdentifier>{93995380-89BD-4b04-88EB-625FBE52EBFB}</UniqueIdentifier>
      <Extensions>h;hpp;hxx;hm;inl;inc;xsd</Extensions>
    </Filter>
    <Filter Include="Resource Files">
      <UniqueIdentifier>{67DA6AB6-F800-4c08-8B7A-83BB121AAD01}</UniqueIdentifier>
      <Extensions>rc;ico;cur;bmp;dlg;rc2;rct;bin;rgs;gif;jpg;jpeg;jpe;resx</Extensions>
    </Filter>
  </ItemGroup>
  <ItemGroup>
    <ClCompile Include="MainFrm.cpp">
      <Filter>Source Files</Filter>
    </ClCompile>
    <ClCompile Include="MyCntrItem.cpp">
      <Filter>Source Files</Filter>
    </ClCompile>
    <ClCompile Include="MyEditView.cpp">
      <Filter>Source Files</Filter>
    </ClCompile>
    <ClCompile Include="MyFindDlg.cpp">
      <Filter>Source Files</Filter>
    </ClCompile>
    <ClCompile Include="MyListView.cpp">
      <Filter>Source Files</Filter>
    </ClCompile>
    <ClCompile Include="MyLoadSaveOptionsDlg.cpp">
      <Filter>Source Files</Filter>
    </ClCompile>
    <ClCompile Include="MyOptions.cpp">
      <Filter>Source Files</Filter>
    </ClCompile>
    <ClCompile Include="MyOptionsPropertySheet.cpp">
      <Filter>Source Files</Filter>
    </ClCompile>
    <ClCompile Include="MyPropertyPage.cpp">
      <Filter>Source Files</Filter>
    </ClCompile>
    <ClCompile Include="MyResponseOptionsDlg.cpp">
      <Filter>Source Files</Filter>
    </ClCompile>
    <ClCompile Include="MySpy.cpp">
      <Filter>Source Files</Filter>
    </ClCompile>
    <ClCompile Include="MySpyDoc.cpp">
      <Filter>Source Files</Filter>
    </ClCompile>
    <ClCompile Include="MyTreeView.cpp">
      <Filter>Source Files</Filter>
    </ClCompile>
    <ClCompile Include="MyWindowInfoView.cpp">
      <Filter>Source Files</Filter>
    </ClCompile>
    <ClCompile Include="MyWinInfoOptionsDlg.cpp">
      <Filter>Source Files</Filter>
    </ClCompile>
    <ClCompile Include="SendMsgDlg.cpp">
      <Filter>Source Files</Filter>
    </ClCompile>
    <ClCompile Include="stdafx.cpp">
      <Filter>Source Files</Filter>
    </ClCompile>
    <ClCompile Include="UsefulSplitterWnd.cpp">
      <Filter>Source Files</Filter>
    </ClCompile>
    <ClCompile Include="EnumWinModules.cpp">
      <Filter>Source Files</Filter>
    </ClCompile>
    <ClCompile Include="InputDialog.cpp">
      <Filter>Source Files</Filter>
    </ClCompile>
  </ItemGroup>
  <ItemGroup>
    <ClInclude Include="MainFrm.h">
      <Filter>Header Files</Filter>
    </ClInclude>
    <ClInclude Include="MyCntrItem.h">
      <Filter>Header Files</Filter>
    </ClInclude>
    <ClInclude Include="MyEditView.h">
      <Filter>Header Files</Filter>
    </ClInclude>
    <ClInclude Include="MyFindDlg.h">
      <Filter>Header Files</Filter>
    </ClInclude>
    <ClInclude Include="MyListView.h">
      <Filter>Header Files</Filter>
    </ClInclude>
    <ClInclude Include="MyLoadSaveOptionsDlg.h">
      <Filter>Header Files</Filter>
    </ClInclude>
    <ClInclude Include="MyOptions.h">
      <Filter>Header Files</Filter>
    </ClInclude>
    <ClInclude Include="MyOptionsPropertySheet.h">
      <Filter>Header Files</Filter>
    </ClInclude>
    <ClInclude Include="MyPropertyPage.h">
      <Filter>Header Files</Filter>
    </ClInclude>
    <ClInclude Include="MyResponseOptionsDlg.h">
      <Filter>Header Files</Filter>
    </ClInclude>
    <ClInclude Include="MySpy.h">
      <Filter>Header Files</Filter>
    </ClInclude>
    <ClInclude Include="MySpyDoc.h">
      <Filter>Header Files</Filter>
    </ClInclude>
    <ClInclude Include="MyTreeView.h">
      <Filter>Header Files</Filter>
    </ClInclude>
    <ClInclude Include="MyWindowInfoView.h">
      <Filter>Header Files</Filter>
    </ClInclude>
    <ClInclude Include="MyWinInfoOptionsDlg.h">
      <Filter>Header Files</Filter>
    </ClInclude>
    <ClInclude Include="Resource.h">
      <Filter>Header Files</Filter>
    </ClInclude>
    <ClInclude Include="SendMsgDlg.h">
      <Filter>Header Files</Filter>
    </ClInclude>
    <ClInclude Include="singleton.hpp">
      <Filter>Header Files</Filter>
    </ClInclude>
    <ClInclude Include="stdafx.h">
      <Filter>Header Files</Filter>
    </ClInclude>
    <ClInclude Include="threads.hpp">
      <Filter>Header Files</Filter>
    </ClInclude>
    <ClInclude Include="typetraits.hpp">
      <Filter>Header Files</Filter>
    </ClInclude>
    <ClInclude Include="UsefulSplitterWnd.h">
      <Filter>Header Files</Filter>
    </ClInclude>
    <ClInclude Include="WindowsMsgIds.h">
      <Filter>Header Files</Filter>
    </ClInclude>
    <ClInclude Include="EnumWinModules.hpp">
      <Filter>Header Files</Filter>
    </ClInclude>
    <ClInclude Include="InputDialog.h">
      <Filter>Header Files</Filter>
    </ClInclude>
  </ItemGroup>
  <ItemGroup>
    <None Include="res\actionbar.bmp">
      <Filter>Resource Files</Filter>
    </None>
    <None Include="res\blank.bmp">
      <Filter>Resource Files</Filter>
    </None>
    <None Include="res\cross.bmp">
      <Filter>Resource Files</Filter>
    </None>
    <None Include="res\cursor.cur">
      <Filter>Resource Files</Filter>
    </None>
    <None Include="res\cursor_hot.cur">
      <Filter>Resource Files</Filter>
    </None>
    <None Include="res\MySpy.ico">
      <Filter>Resource Files</Filter>
    </None>
    <None Include="res\MySpy.rc2">
      <Filter>Resource Files</Filter>
    </None>
    <None Include="res\MySpyDoc.ico">
      <Filter>Resource Files</Filter>
    </None>
    <None Include="res\Toolbar.bmp">
      <Filter>Resource Files</Filter>
    </None>
    <None Include="res\TreeImages.bmp">
      <Filter>Resource Files</Filter>
    </None>
    <None Include="res\viewtoolbar.bmp">
      <Filter>Resource Files</Filter>
    </None>
    <None Include="ReadMe.txt" />
    <None Include="SendMsgDlg.htm" />
  </ItemGroup>
  <ItemGroup>
    <ResourceCompile Include="MySpy.rc">
      <Filter>Resource Files</Filter>
    </ResourceCompile>
  </ItemGroup>
  <ItemGroup>
    <CustomBuildStep Include="res\MySpy.manifest" />
  </ItemGroup>
</Project>